{
  "name": "gravity",
  "lockfileVersion": 2,
  "requires": true,
  "packages": {
    "": {
      "dependencies": {
        "@rails/actioncable": "^6.1.7",
        "trix": "^1.2.0"
      }
    },
    "node_modules/@rails/actioncable": {
      "version": "6.1.7",
      "resolved": "https://registry.npmjs.org/@rails/actioncable/-/actioncable-6.1.7.tgz",
      "integrity": "sha512-F6S74NGpxhbbDRFsQFGYqefRfZPgYvePNtz9hHKYOqLturrsqrDoG+UcrxEGHsvqDUorMYfx4Wl3K8smmk/u2g=="
    },
    "node_modules/trix": {
      "version": "1.3.1",
      "resolved": "https://registry.npmjs.org/trix/-/trix-1.3.1.tgz",
      "integrity": "sha512-BbH6mb6gk+AV4f2as38mP6Ucc1LE3OD6XxkZnAgPIduWXYtvg2mI3cZhIZSLqmMh9OITEpOBCCk88IVmyjU7bA==",
      "license": "MIT"
    }
  },
  "dependencies": {
    "@rails/actioncable": {
      "version": "6.1.7",
      "resolved": "https://registry.npmjs.org/@rails/actioncable/-/actioncable-6.1.7.tgz",
      "integrity": "sha512-F6S74NGpxhbbDRFsQFGYqefRfZPgYvePNtz9hHKYOqLturrsqrDoG+UcrxEGHsvqDUorMYfx4Wl3K8smmk/u2g=="
    },
    "trix": {
      "version": "1.3.1",
      "resolved": "https://registry.npmjs.org/trix/-/trix-1.3.1.tgz",
      "integrity": "sha512-BbH6mb6gk+AV4f2as38mP6Ucc1LE3OD6XxkZnAgPIduWXYtvg2mI3cZhIZSLqmMh9OITEpOBCCk88IVmyjU7bA=="
    }
  }
}
